{
    "_readme": [
        "This file locks the dependencies of your project to a known state",
        "Read more about it at https://getcomposer.org/doc/01-basic-usage.md#installing-dependencies",
        "This file is @generated automatically"
    ],
    "content-hash": "5ab641eec6be4b390537ad466e9a4d47",
    "packages": [
        {
            "name": "a7/admin-notices",
            "version": "0.1.0.1",
            "source": {
                "type": "git",
                "url": "https://github.com/a7/admin-notices.git",
                "reference": "54937e9912478763689a82956fe663bc22222a97"
            },
            "dist": {
                "type": "zip",
                "url": "https://api.github.com/repos/a7/admin-notices/zipball/54937e9912478763689a82956fe663bc22222a97",
                "reference": "54937e9912478763689a82956fe663bc22222a97",
                "shasum": "",
                "mirrors": [
                    {
                        "url": "https://repo.packagist.com/zeek/dists/%package%/%version%/%reference%.%type%",
                        "preferred": true
                    }
                ]
            },
            "require": {
                "php": ">=5.5.9"
            },
            "type": "library",
            "autoload": {
                "files": [
                    "load.php"
                ]
            },
            "notification-url": "https://repo.packagist.com/zeek/downloads/",
            "license": [
                "Unlicense"
            ],
            "authors": [
                {
                    "name": "A7",
                    "email": "a7@fastmail.com",
                    "homepage": "https://github.com/a7"
                }
            ],
            "description": "Quickly and easily add admin notices to WordPress.",
            "time": "2018-02-05T22:03:05+00:00"
        },
        {
            "name": "a7/autoload",
            "version": "2.0.9.1",
            "source": {
                "type": "git",
                "url": "https://github.com/a7/autoload.git",
                "reference": "c1ff4ae98b389164b578793e2d87b2bf6b7f8b15"
            },
            "dist": {
                "type": "zip",
                "url": "https://api.github.com/repos/a7/autoload/zipball/c1ff4ae98b389164b578793e2d87b2bf6b7f8b15",
                "reference": "c1ff4ae98b389164b578793e2d87b2bf6b7f8b15",
                "shasum": "",
                "mirrors": [
                    {
                        "url": "https://repo.packagist.com/zeek/dists/%package%/%version%/%reference%.%type%",
                        "preferred": true
                    }
                ]
            },
            "require": {
                "php": ">=7.0"
            },
            "type": "library",
            "autoload": {
                "files": [
                    "package.php"
                ]
            },
            "notification-url": "https://repo.packagist.com/zeek/downloads/",
            "license": [
                "Unlicense"
            ],
            "authors": [
                {
                    "name": "A7",
                    "email": "a7@fastmail.com",
                    "homepage": "https://github.com/a7"
                }
            ],
            "description": "Automatically and recursively require_once all php files in a given directory.",
            "time": "2018-02-05T20:00:27+00:00"
        },
        {
            "name": "a7/seeder",
            "version": "2.3",
            "source": {
                "type": "git",
                "url": "https://github.com/a7/seeder.git",
                "reference": "b20764e2ce603e29133db45bb3dd4dd7eb095f09"
            },
            "dist": {
                "type": "zip",
                "url": "https://api.github.com/repos/a7/seeder/zipball/b20764e2ce603e29133db45bb3dd4dd7eb095f09",
                "reference": "b20764e2ce603e29133db45bb3dd4dd7eb095f09",
                "shasum": "",
                "mirrors": [
                    {
                        "url": "https://repo.packagist.com/zeek/dists/%package%/%version%/%reference%.%type%",
                        "preferred": true
                    }
                ]
            },
            "require": {
                "a7/admin-notices": "^0.1",
                "a7/autoload": "^2.0.9"
            },
            "type": "library",
            "autoload": {
                "files": [
                    "seeder.php"
                ]
            },
            "notification-url": "https://repo.packagist.com/zeek/downloads/",
            "description": "Perform heavy and/or infrequent actions in a controlled manner",
            "time": "2017-11-24T21:28:13+00:00"
        },
        {
            "name": "arrilot/dotenv-php",
            "version": "1.0.1",
            "source": {
                "type": "git",
                "url": "https://github.com/arrilot/dotenv-php.git",
                "reference": "a42a07d3d81672a1ed23545465927502d72d0ca2"
            },
            "dist": {
                "type": "zip",
                "url": "https://api.github.com/repos/arrilot/dotenv-php/zipball/a42a07d3d81672a1ed23545465927502d72d0ca2",
                "reference": "a42a07d3d81672a1ed23545465927502d72d0ca2",
                "shasum": "",
                "mirrors": [
                    {
                        "url": "https://repo.packagist.com/zeek/dists/%package%/%version%/%reference%.%type%",
                        "preferred": true
                    }
                ]
            },
            "require": {
                "php": ">=5.4.0"
            },
            "require-dev": {
                "phpunit/phpunit": "~4.0"
            },
            "type": "library",
            "autoload": {
                "psr-4": {
                    "Arrilot\\DotEnv\\": "src/"
                },
                "files": [
                    "src/helpers.php"
                ]
            },
            "notification-url": "https://repo.packagist.com/zeek/downloads/",
            "license": [
                "MIT"
            ],
            "authors": [
                {
                    "name": "Nekrasov Ilya",
                    "email": "nekrasov.ilya90@gmail.com"
                }
            ],
            "homepage": "https://github.com/arrilot/dotenv-php",
            "keywords": [
                "dotenv",
                "production"
            ],
            "time": "2017-06-19T23:05:03+00:00"
        },
        {
            "name": "composer/installers",
            "version": "v1.6.0",
            "source": {
                "type": "git",
                "url": "https://github.com/composer/installers.git",
                "reference": "cfcca6b1b60bc4974324efb5783c13dca6932b5b"
            },
            "dist": {
                "type": "zip",
                "url": "https://api.github.com/repos/composer/installers/zipball/cfcca6b1b60bc4974324efb5783c13dca6932b5b",
                "reference": "cfcca6b1b60bc4974324efb5783c13dca6932b5b",
                "shasum": "",
                "mirrors": [
                    {
                        "url": "https://repo.packagist.com/zeek/dists/%package%/%version%/%reference%.%type%",
                        "preferred": true
                    }
                ]
            },
            "require": {
                "composer-plugin-api": "^1.0"
            },
            "replace": {
                "roundcube/plugin-installer": "*",
                "shama/baton": "*"
            },
            "require-dev": {
                "composer/composer": "1.0.*@dev",
                "phpunit/phpunit": "^4.8.36"
            },
            "type": "composer-plugin",
            "extra": {
                "class": "Composer\\Installers\\Plugin",
                "branch-alias": {
                    "dev-master": "1.0-dev"
                }
            },
            "autoload": {
                "psr-4": {
                    "Composer\\Installers\\": "src/Composer/Installers"
                }
            },
            "notification-url": "https://repo.packagist.com/zeek/downloads/",
            "license": [
                "MIT"
            ],
            "authors": [
                {
                    "name": "Kyle Robinson Young",
                    "email": "kyle@dontkry.com",
                    "homepage": "https://github.com/shama"
                }
            ],
            "description": "A multi-framework Composer library installer",
            "homepage": "https://composer.github.io/installers/",
            "keywords": [
                "Craft",
                "Dolibarr",
                "Eliasis",
                "Hurad",
                "ImageCMS",
                "Kanboard",
                "Lan Management System",
                "MODX Evo",
                "Mautic",
                "Maya",
                "OXID",
                "Plentymarkets",
                "Porto",
                "RadPHP",
                "SMF",
                "Thelia",
                "WolfCMS",
                "agl",
                "aimeos",
                "annotatecms",
                "attogram",
                "bitrix",
                "cakephp",
                "chef",
                "cockpit",
                "codeigniter",
                "concrete5",
                "croogo",
                "dokuwiki",
                "drupal",
                "eZ Platform",
                "elgg",
                "expressionengine",
                "fuelphp",
                "grav",
                "installer",
                "itop",
                "joomla",
                "kohana",
                "laravel",
                "lavalite",
                "lithium",
                "magento",
                "majima",
                "mako",
                "mediawiki",
                "modulework",
                "modx",
                "moodle",
                "osclass",
                "phpbb",
                "piwik",
                "ppi",
                "puppet",
                "pxcms",
                "reindex",
                "roundcube",
                "shopware",
                "silverstripe",
                "sydes",
                "symfony",
                "typo3",
                "wordpress",
                "yawik",
                "zend",
                "zikula"
            ],
            "time": "2018-08-27T06:10:37+00:00"
        },
        {
            "name": "sentry/sentry",
            "version": "1.10.0",
            "source": {
                "type": "git",
                "url": "https://github.com/getsentry/sentry-php.git",
                "reference": "b2b8ffe1560b9fb0110b02993594a4b04a511959"
            },
            "dist": {
                "type": "zip",
                "url": "https://api.github.com/repos/getsentry/sentry-php/zipball/b2b8ffe1560b9fb0110b02993594a4b04a511959",
                "reference": "b2b8ffe1560b9fb0110b02993594a4b04a511959",
                "shasum": "",
                "mirrors": [
                    {
                        "url": "https://repo.packagist.com/zeek/dists/%package%/%version%/%reference%.%type%",
                        "preferred": true
                    }
                ]
            },
            "require": {
                "ext-curl": "*",
                "php": "^5.3|^7.0"
            },
            "conflict": {
                "raven/raven": "*"
            },
            "require-dev": {
                "friendsofphp/php-cs-fixer": "^1.8.0",
                "monolog/monolog": "*",
                "phpunit/phpunit": "^4.8.35 || ^5.7"
            },
            "suggest": {
                "ext-hash": "*",
                "ext-json": "*",
                "ext-mbstring": "*",
                "monolog/monolog": "Automatically capture Monolog events as breadcrumbs"
            },
            "bin": [
                "bin/sentry"
            ],
            "type": "library",
            "extra": {
                "branch-alias": {
                    "dev-master": "1.10.x-dev"
                }
            },
            "autoload": {
                "psr-0": {
                    "Raven_": "lib/"
                }
            },
            "notification-url": "https://repo.packagist.com/zeek/downloads/",
            "license": [
                "BSD-3-Clause"
            ],
            "authors": [
                {
                    "name": "David Cramer",
                    "email": "dcramer@gmail.com"
                }
            ],
            "description": "A PHP client for Sentry (http://getsentry.com)",
            "homepage": "http://getsentry.com",
            "keywords": [
                "log",
                "logging"
            ],
            "time": "2018-11-09T12:27:19+00:00"
        },
        {
            "name": "wpackagist-plugin/amp",
            "version": "0.7.2",
            "source": {
                "type": "svn",
                "url": "https://plugins.svn.wordpress.org/amp/",
                "reference": "tags/0.7.2"
            },
            "dist": {
                "type": "zip",
                "url": "https://downloads.wordpress.org/plugin/amp.0.7.2.zip",
                "reference": null,
                "shasum": null,
                "mirrors": [
                    {
                        "url": "https://repo.packagist.com/zeek/dists/%package%/%version%/%reference%.%type%",
                        "preferred": true
                    }
                ]
            },
            "require": {
                "composer/installers": "~1.0"
            },
            "type": "wordpress-plugin",
            "notification-url": "https://repo.packagist.com/zeek/downloads/",
            "homepage": "https://wordpress.org/plugins/amp/"
        },
        {
            "name": "wpackagist-plugin/duplicate-post",
            "version": "3.2.2",
            "source": {
                "type": "svn",
                "url": "https://plugins.svn.wordpress.org/duplicate-post/",
                "reference": "tags/3.2.2"
            },
            "dist": {
                "type": "zip",
                "url": "https://downloads.wordpress.org/plugin/duplicate-post.3.2.2.zip",
                "reference": null,
                "shasum": null,
                "mirrors": [
                    {
                        "url": "https://repo.packagist.com/zeek/dists/%package%/%version%/%reference%.%type%",
                        "preferred": true
                    }
                ]
            },
            "require": {
                "composer/installers": "~1.0"
            },
            "type": "wordpress-plugin",
            "notification-url": "https://repo.packagist.com/zeek/downloads/",
            "homepage": "https://wordpress.org/plugins/duplicate-post/"
        },
        {
            "name": "wpackagist-plugin/fareharbor",
            "version": "3.5",
            "source": {
                "type": "svn",
                "url": "https://plugins.svn.wordpress.org/fareharbor/",
                "reference": "tags/3.5"
            },
            "dist": {
                "type": "zip",
                "url": "https://downloads.wordpress.org/plugin/fareharbor.3.5.zip",
                "reference": null,
                "shasum": null,
                "mirrors": [
                    {
                        "url": "https://repo.packagist.com/zeek/dists/%package%/%version%/%reference%.%type%",
                        "preferred": true
                    }
                ]
            },
            "require": {
                "composer/installers": "~1.0"
            },
            "type": "wordpress-plugin",
            "notification-url": "https://repo.packagist.com/zeek/downloads/",
            "homepage": "https://wordpress.org/plugins/fareharbor/"
        },
        {
            "name": "wpackagist-plugin/optinmonster",
            "version": "1.5.3",
            "source": {
                "type": "svn",
                "url": "https://plugins.svn.wordpress.org/optinmonster/",
                "reference": "trunk"
            },
            "dist": {
                "type": "zip",
                "url": "https://downloads.wordpress.org/plugin/optinmonster.zip?timestamp=1544816185",
                "reference": null,
                "shasum": null,
                "mirrors": [
                    {
                        "url": "https://repo.packagist.com/zeek/dists/%package%/%version%/%reference%.%type%",
                        "preferred": true
                    }
                ]
            },
            "require": {
                "composer/installers": "~1.0"
            },
            "type": "wordpress-plugin",
            "notification-url": "https://repo.packagist.com/zeek/downloads/",
            "homepage": "https://wordpress.org/plugins/optinmonster/"
        },
        {
            "name": "wpackagist-plugin/redirection",
            "version": "3.6.3",
            "source": {
                "type": "svn",
                "url": "https://plugins.svn.wordpress.org/redirection/",
                "reference": "tags/3.6.3"
            },
            "dist": {
                "type": "zip",
                "url": "https://downloads.wordpress.org/plugin/redirection.3.6.3.zip",
                "reference": null,
                "shasum": null,
                "mirrors": [
                    {
                        "url": "https://repo.packagist.com/zeek/dists/%package%/%version%/%reference%.%type%",
                        "preferred": true
                    }
                ]
            },
            "require": {
                "composer/installers": "~1.0"
            },
            "type": "wordpress-plugin",
            "notification-url": "https://repo.packagist.com/zeek/downloads/",
            "homepage": "https://wordpress.org/plugins/redirection/"
        },
        {
            "name": "wpackagist-plugin/userway-accessibility-widget",
            "version": "1.2",
            "source": {
                "type": "svn",
                "url": "https://plugins.svn.wordpress.org/userway-accessibility-widget/",
                "reference": "trunk"
            },
            "dist": {
                "type": "zip",
                "url": "https://downloads.wordpress.org/plugin/userway-accessibility-widget.zip?timestamp=1544559551",
                "reference": null,
                "shasum": null,
                "mirrors": [
                    {
                        "url": "https://repo.packagist.com/zeek/dists/%package%/%version%/%reference%.%type%",
                        "preferred": true
                    }
                ]
            },
            "require": {
                "composer/installers": "~1.0"
            },
            "type": "wordpress-plugin",
            "notification-url": "https://repo.packagist.com/zeek/downloads/",
            "homepage": "https://wordpress.org/plugins/userway-accessibility-widget/"
        },
        {
            "name": "wpackagist-plugin/wufoo-shortcode",
            "version": "1.43",
            "source": {
                "type": "svn",
                "url": "https://plugins.svn.wordpress.org/wufoo-shortcode/",
                "reference": "trunk"
            },
            "dist": {
                "type": "zip",
                "url": "https://downloads.wordpress.org/plugin/wufoo-shortcode.zip?timestamp=1443203214",
                "reference": null,
                "shasum": null,
                "mirrors": [
                    {
                        "url": "https://repo.packagist.com/zeek/dists/%package%/%version%/%reference%.%type%",
                        "preferred": true
                    }
                ]
            },
            "require": {
                "composer/installers": "~1.0"
            },
            "type": "wordpress-plugin",
            "notification-url": "https://repo.packagist.com/zeek/downloads/",
            "homepage": "https://wordpress.org/plugins/wufoo-shortcode/"
        },
        {
            "name": "zeek/php-utils",
            "version": "2.1",
            "source": {
                "type": "git",
                "url": "https://github.com/ZeekInteractive/php-utils.git",
                "reference": "8c23f2349e84fd4d78795af7370bd032fe169332"
            },
            "dist": {
                "type": "zip",
                "url": "https://api.github.com/repos/ZeekInteractive/php-utils/zipball/8c23f2349e84fd4d78795af7370bd032fe169332",
                "reference": "8c23f2349e84fd4d78795af7370bd032fe169332",
                "shasum": "",
                "mirrors": [
                    {
                        "url": "https://repo.packagist.com/zeek/dists/%package%/%version%/%reference%.%type%",
                        "preferred": true
                    }
                ]
            },
            "require": {
                "php": ">=5.6"
            },
            "require-dev": {
                "codacy/coverage": "^1.4",
                "codeception/codeception": "2.3.9",
                "mikey179/vfsstream": "^1.6"
            },
            "type": "library",
            "autoload": {
                "files": [
                    "src/utils.php"
                ]
            },
            "notification-url": "https://repo.packagist.com/zeek/downloads/",
            "license": [
                "proprietary"
            ],
            "authors": [
                {
                    "name": "Aaron Holbrook",
                    "email": "aaron@zeek.com",
                    "homepage": "https://aaronjholbrook.com"
                },
                {
                    "name": "Zeek Interactive",
                    "email": "info@zeek.com",
                    "homepage": "https://zeek.com"
                }
            ],
            "description": "A collection of functions that provide basic PHP utility functionality.",
            "time": "2018-06-26T20:24:39+00:00"
        },
        {
            "name": "zeek/sso-client",
            "version": "1.1",
            "source": {
                "type": "git",
                "url": "git@github.com:ZeekInteractive/zeek-sso-client.git",
                "reference": "afc1c5d82017acaa296ed40b54791ed895a2f8ab"
            },
            "dist": {
                "type": "zip",
                "url": "https://api.github.com/repos/ZeekInteractive/zeek-sso-client/zipball/afc1c5d82017acaa296ed40b54791ed895a2f8ab",
                "reference": "afc1c5d82017acaa296ed40b54791ed895a2f8ab",
                "shasum": "",
                "mirrors": [
                    {
                        "url": "https://repo.packagist.com/zeek/dists/%package%/%version%/%reference%.%type%",
                        "preferred": true
                    }
                ]
            },
            "require": {
                "a7/autoload": "2.0.9.1"
            },
            "type": "library",
            "autoload": {
                "files": [
                    "package.php"
                ]
            },
            "notification-url": "https://repo.packagist.com/zeek/downloads/",
            "license": [
                "proprietary"
            ],
            "authors": [
                {
                    "name": "Aaron Holbrook",
                    "email": "aaron@zeek.com",
                    "homepage": "https://aaronjholbrook.com"
                },
                {
                    "name": "Zeek Interactive",
                    "email": "info@zeek.com",
                    "homepage": "https://zeek.com"
                }
            ],
            "description": "SSO client for the Zeek SSO system.",
            "support": {
                "source": "https://github.com/ZeekInteractive/zeek-sso-client/tree/1.1",
                "issues": "https://github.com/ZeekInteractive/zeek-sso-client/issues"
            },
            "time": "2018-12-09T02:06:27+00:00"
        },
        {
            "name": "zeek/wp-utils",
            "version": "2.9.3",
            "source": {
                "type": "git",
                "url": "git@github.com:ZeekInteractive/wp-utils.git",
                "reference": "3e44032fd9988c3ad32b8ecd991af1dbc2fc4b1e"
            },
            "dist": {
                "type": "zip",
                "url": "https://api.github.com/repos/ZeekInteractive/wp-utils/zipball/3e44032fd9988c3ad32b8ecd991af1dbc2fc4b1e",
                "reference": "3e44032fd9988c3ad32b8ecd991af1dbc2fc4b1e",
                "shasum": "",
                "mirrors": [
                    {
                        "url": "https://repo.packagist.com/zeek/dists/%package%/%version%/%reference%.%type%",
                        "preferred": true
                    }
                ]
            },
            "require": {
                "a7/autoload": "2.0.9.1",
                "arrilot/dotenv-php": "^1.0",
                "php": ">=7.0",
                "sentry/sentry": "^1.9"
            },
            "require-dev": {
                "10up/wp_mock": "^0.3.0",
                "codacy/coverage": "^1.4",
                "codeception/codeception": "2.3.9",
                "mockery/mockery": "^1.0"
            },
            "type": "library",
            "autoload": {
                "files": [
                    "package.php"
                ]
            },
            "notification-url": "https://repo.packagist.com/zeek/downloads/",
            "license": [
                "proprietary"
            ],
            "authors": [
                {
                    "name": "Philip Newcomer",
                    "email": "philip@zeek.com",
                    "homepage": "https://philipnewcomer.net"
                },
                {
                    "name": "Aaron Holbrook",
                    "email": "aaron@zeek.com",
                    "homepage": "https://aaronjholbrook.com"
                },
                {
                    "name": "Zeek Interactive",
                    "email": "info@zeek.com",
                    "homepage": "https://zeek.com"
                }
            ],
            "description": "A collection of functions that provide utility functionality for WordPress.",
            "support": {
                "source": "https://github.com/ZeekInteractive/wp-utils/tree/2.9.3",
                "issues": "https://github.com/ZeekInteractive/wp-utils/issues"
            },
            "time": "2019-01-14T19:13:48+00:00"
        },
        {
            "name": "zeekinteractive/advanced-custom-fields-pro",
            "version": "5.7.9",
            "dist": {
                "type": "zip",
                "url": "https://wpp.zeeklabs.com/satispress/advanced-custom-fields-pro/5.7.9",
                "reference": null,
                "shasum": "7d16c30519e1f8f752579d58c21e835b9ef67858",
                "mirrors": [
                    {
                        "url": "https://repo.packagist.com/zeek/dists/%package%/%version%/%reference%.%type%",
                        "preferred": true
                    }
                ]
            },
            "require": {
                "composer/installers": "~1.0"
            },
            "type": "wordpress-plugin",
            "notification-url": "https://repo.packagist.com/zeek/downloads/",
            "authors": [
                {
                    "name": "Elliot Condon",
                    "homepage": "http://www.elliotcondon.com/"
                }
            ],
            "description": "Customize WordPress with powerful, professional and intuitive fields.",
            "homepage": "https://www.advancedcustomfields.com/"
        }
    ],
    "packages-dev": [],
    "aliases": [],
    "minimum-stability": "stable",
    "stability-flags": [],
    "prefer-stable": false,
    "prefer-lowest": false,
    "platform": {
        "php": ">=7.0"
    },
    "platform-dev": []
}
